
Microsoft Visual Studio Solution File, Format Version 12.00
# Visual Studio 15
VisualStudioVersion = 15.0.28307.271
MinimumVisualStudioVersion = 10.0.40219.1
Project("{FAE04EC0-301F-11D3-BF4B-00C04F79EFBC}") = "FacturaMVC", "FacturaMVC\FacturaMVC.csproj", "{255D1C28-3CD8-40A0-A976-F776F5CBBD47}"
EndProject
Project("{FAE04EC0-301F-11D3-BF4B-00C04F79EFBC}") = "Utils", "Utils\Utils.csproj", "{10FAEF23-0D6B-4B8D-B603-ECFC00FD0E36}"
EndProject
Project("{FAE04EC0-301F-11D3-BF4B-00C04F79EFBC}") = "FacturaWebApi", "FacturaWebApi\FacturaWebApi.csproj", "{9B18F39D-D1EB-4687-8CAC-2A7061DAF8DC}"
EndProject
Global
	GlobalSection(SolutionConfigurationPlatforms) = preSolution
		Debug|Any CPU = Debug|Any CPU
		Release|Any CPU = Release|Any CPU
	EndGlobalSection
	GlobalSection(ProjectConfigurationPlatforms) = postSolution
		{255D1C28-3CD8-40A0-A976-F776F5CBBD47}.Debug|Any CPU.ActiveCfg = Debug|Any CPU
		{255D1C28-3CD8-40A0-A976-F776F5CBBD47}.Debug|Any CPU.Build.0 = Debug|Any CPU
		{255D1C28-3CD8-40A0-A976-F776F5CBBD47}.Release|Any CPU.ActiveCfg = Release|Any CPU
		{255D1C28-3CD8-40A0-A976-F776F5CBBD47}.Release|Any CPU.Build.0 = Release|Any CPU
		{10FAEF23-0D6B-4B8D-B603-ECFC00FD0E36}.Debug|Any CPU.ActiveCfg = Debug|Any CPU
		{10FAEF23-0D6B-4B8D-B603-ECFC00FD0E36}.Debug|Any CPU.Build.0 = Debug|Any CPU
		{10FAEF23-0D6B-4B8D-B603-ECFC00FD0E36}.Release|Any CPU.ActiveCfg = Release|Any CPU
		{10FAEF23-0D6B-4B8D-B603-ECFC00FD0E36}.Release|Any CPU.Build.0 = Release|Any CPU
		{9B18F39D-D1EB-4687-8CAC-2A7061DAF8DC}.Debug|Any CPU.ActiveCfg = Debug|Any CPU
		{9B18F39D-D1EB-4687-8CAC-2A7061DAF8DC}.Debug|Any CPU.Build.0 = Debug|Any CPU
		{9B18F39D-D1EB-4687-8CAC-2A7061DAF8DC}.Release|Any CPU.ActiveCfg = Release|Any CPU
		{9B18F39D-D1EB-4687-8CAC-2A7061DAF8DC}.Release|Any CPU.Build.0 = Release|Any CPU
	EndGlobalSection
	GlobalSection(SolutionProperties) = preSolution
		HideSolutionNode = FALSE
	EndGlobalSection
	GlobalSection(ExtensibilityGlobals) = postSolution
		SolutionGuid = {63B0C8B9-CC0F-43D1-BB5A-B4DEB445D524}
	EndGlobalSection
EndGlobal
